
Microsoft Visual Studio Solution File, Format Version 12.00
# Visual Studio 15
VisualStudioVersion = 15.0.27703.2035
MinimumVisualStudioVersion = 10.0.40219.1
Project("{FAE04EC0-301F-11D3-BF4B-00C04F79EFBC}") = "HGS", "HGS\HGS.csproj", "{CFB967CD-D144-4B87-9280-67751A0B9167}"
EndProject
Global
	GlobalSection(SolutionConfigurationPlatforms) = preSolution
		Debug|Any CPU = Debug|Any CPU
		Release|Any CPU = Release|Any CPU
	EndGlobalSection
	GlobalSection(ProjectConfigurationPlatforms) = postSolution
		{CFB967CD-D144-4B87-9280-67751A0B9167}.Debug|Any CPU.ActiveCfg = Debug|Any CPU
		{CFB967CD-D144-4B87-9280-67751A0B9167}.Debug|Any CPU.Build.0 = Debug|Any CPU
		{CFB967CD-D144-4B87-9280-67751A0B9167}.Release|Any CPU.ActiveCfg = Release|Any CPU
		{CFB967CD-D144-4B87-9280-67751A0B9167}.Release|Any CPU.Build.0 = Release|Any CPU
	EndGlobalSection
	GlobalSection(SolutionProperties) = preSolution
		HideSolutionNode = FALSE
	EndGlobalSection
	GlobalSection(ExtensibilityGlobals) = postSolution
		SolutionGuid = {35D34BCA-B967-47DE-82E0-1174BD5D7552}
	EndGlobalSection
EndGlobal
